
Microsoft Visual Studio Solution File, Format Version 12.00
# Visual Studio Version 16
VisualStudioVersion = 16.0.29424.173
MinimumVisualStudioVersion = 10.0.40219.1
Project("{FAE04EC0-301F-11D3-BF4B-00C04F79EFBC}") = "KittyScooper", "KittyScooper.csproj", "{449CF269-4798-4268-9A0D-9A17A08869BA}"
EndProject
Global
	GlobalSection(SolutionConfigurationPlatforms) = preSolution
		Debug|Any CPU = Debug|Any CPU
		Release|Any CPU = Release|Any CPU
	EndGlobalSection
	GlobalSection(ProjectConfigurationPlatforms) = postSolution
		{449CF269-4798-4268-9A0D-9A17A08869BA}.Debug|Any CPU.ActiveCfg = Debug|Any CPU
		{449CF269-4798-4268-9A0D-9A17A08869BA}.Debug|Any CPU.Build.0 = Debug|Any CPU
		{449CF269-4798-4268-9A0D-9A17A08869BA}.Release|Any CPU.ActiveCfg = Release|Any CPU
		{449CF269-4798-4268-9A0D-9A17A08869BA}.Release|Any CPU.Build.0 = Release|Any CPU
	EndGlobalSection
	GlobalSection(SolutionProperties) = preSolution
		HideSolutionNode = FALSE
	EndGlobalSection
	GlobalSection(ExtensibilityGlobals) = postSolution
		SolutionGuid = {3D98152A-FD03-4ED5-8912-E64F20AEDA13}
	EndGlobalSection
EndGlobal
